// !$*UTF8*$!
{
	archiveVersion = 1;
	classes = {
	};
	objectVersion = 46;
	objects = {

/* Begin PBXBuildFile section */
		3724C92B1F710EB10092C09A /* AppDelegate.swift in Sources */ = {isa = PBXBuildFile; fileRef = 3724C92A1F710EB10092C09A /* AppDelegate.swift */; };
		3724C92D1F710EB10092C09A /* ViewController.swift in Sources */ = {isa = PBXBuildFile; fileRef = 3724C92C1F710EB10092C09A /* ViewController.swift */; };
		3724C9301F710EB10092C09A /* Main.storyboard in Resources */ = {isa = PBXBuildFile; fileRef = 3724C92E1F710EB10092C09A /* Main.storyboard */; };
		3724C9321F710EB10092C09A /* Assets.xcassets in Resources */ = {isa = PBXBuildFile; fileRef = 3724C9311F710EB10092C09A /* Assets.xcassets */; };
		3724C9351F710EB10092C09A /* LaunchScreen.storyboard in Resources */ = {isa = PBXBuildFile; fileRef = 3724C9331F710EB10092C09A /* LaunchScreen.storyboard */; };
/* End PBXBuildFile section */

/* Begin PBXFileReference section */
		3724C9271F710EB10092C09A /* FirstRepo.app */ = {isa = PBXFileReference; explicitFileType = wrapper.application; includeInIndex = 0; path = FirstRepo.app; sourceTree = BUILT_PRODUCTS_DIR; };
		3724C92A1F710EB10092C09A /* AppDelegate.swift */ = {isa = PBXFileReference; lastKnownFileType = sourcecode.swift; path = AppDelegate.swift; sourceTree = "<group>"; };
		3724C92C1F710EB10092C09A /* ViewController.swift */ = {isa = PBXFileReference; lastKnownFileType = sourcecode.swift; path = ViewController.swift; sourceTree = "<group>"; };
		3724C92F1F710EB10092C09A /* Base */ = {isa = PBXFileReference; lastKnownFileType = file.storyboard; name = Base; path = Base.lproj/Main.storyboard; sourceTree = "<group>"; };
		3724C9311F710EB10092C09A /* Assets.xcassets */ = {isa = PBXFileReference; lastKnownFileType = folder.assetcatalog; path = Assets.xcassets; sourceTree = "<group>"; };
		3724C9341F710EB10092C09A /* Base */ = {isa = PBXFileReference; lastKnownFileType = file.storyboard; name = Base; path = Base.lproj/LaunchScreen.storyboard; sourceTree = "<group>"; };
		3724C9361F710EB10092C09A /* Info.plist */ = {isa = PBXFileReference; lastKnownFileType = text.plist.xml; path = Info.plist; sourceTree = "<group>"; };
/* End PBXFileReference section */

/* Begin PBXFrameworksBuildPhase section */
		3724C9241F710EB10092C09A /* Frameworks */ = {
			isa = PBXFrameworksBuildPhase;
			buildActionMask = 2147483647;
			files = (
			);
			runOnlyForDeploymentPostprocessing = 0;
		};
/* End PBXFrameworksBuildPhase section */

/* Begin PBXGroup section */
		3724C91E1F710EB10092C09A = {
			isa = PBXGroup;
			children = (
				3724C9291F710EB10092C09A /* FirstRepo */,
				3724C9281F710EB10092C09A /* Products */,
			);
			sourceTree = "<group>";
		};
		3724C9281F710EB10092C09A /* Products */ = {
			isa = PBXGroup;
			children = (
				3724C9271F710EB10092C09A /* FirstRepo.app */,
			);
			name = Products;
			sourceTree = "<group>";
		};
		3724C9291F710EB10092C09A /* FirstRepo */ = {
			isa = PBXGroup;
			children = (
				3724C92A1F710EB10092C09A /* AppDelegate.swift */,
				3724C92C1F710EB10092C09A /* ViewController.swift */,
				3724C92E1F710EB10092C09A /* Main.storyboard */,
				3724C9311F710EB10092C09A /* Assets.xcassets */,
				3724C9331F710EB10092C09A /* LaunchScreen.storyboard */,
				3724C9361F710EB10092C09A /* Info.plist */,
			);
			path = FirstRepo;
			sourceTree = "<group>";
		};
/* End PBXGroup section */

/* Begin PBXNativeTarget section */
		3724C9261F710EB10092C09A /* FirstRepo */ = {
			isa = PBXNativeTarget;
			buildConfigurationList = 3724C9391F710EB10092C09A /* Build configuration list for PBXNativeTarget "FirstRepo" */;
			buildPhases = (
				3724C9231F710EB10092C09A /* Sources */,
				3724C9241F710EB10092C09A /* Frameworks */,
				3724C9251F710EB10092C09A /* Resources */,
			);
			buildRules = (
			);
			dependencies = (
			);
			name = FirstRepo;
			productName = FirstRepo;
			productReference = 3724C9271F710EB10092C09A /* FirstRepo.app */;
			productType = "com.apple.product-type.application";
		};
/* End PBXNativeTarget section */

/* Begin PBXProject section */
		3724C91F1F710EB10092C09A /* Project object */ = {
			isa = PBXProject;
			attributes = {
				LastSwiftUpdateCheck = 0830;
				LastUpgradeCheck = 0830;
				ORGANIZATIONNAME = GrizzlyApps;
				TargetAttributes = {
					3724C9261F710EB10092C09A = {
						CreatedOnToolsVersion = 8.3.3;
						DevelopmentTeam = Q94R7AC65K;
						ProvisioningStyle = Automatic;
					};
				};
			};
			buildConfigurationList = 3724C9221F710EB10092C09A /* Build configuration list for PBXProject "FirstRepo" */;
			compatibilityVersion = "Xcode 3.2";
			developmentRegion = English;
			hasScannedForEncodings = 0;
			knownRegions = (
				en,
				Base,
			);
			mainGroup = 3724C91E1F710EB10092C09A;
			productRefGroup = 3724C9281F710EB10092C09A /* Products */;
			projectDirPath = "";
			projectRoot = "";
			targets = (
				3724C9261F710EB10092C09A /* FirstRepo */,
			);
		};
/* End PBXProject section */

/* Begin PBXResourcesBuildPhase section */
		3724C9251F710EB10092C09A /* Resources */ = {
			isa = PBXResourcesBuildPhase;
			buildActionMask = 2147483647;
			files = (
				3724C9351F710EB10092C09A /* LaunchScreen.storyboard in Resources */,
				3724C9321F710EB10092C09A /* Assets.xcassets in Resources */,
				3724C9301F710EB10092C09A /* Main.storyboard in Resources */,
			);
			runOnlyForDeploymentPostprocessing = 0;
		};
/* End PBXResourcesBuildPhase section */

/* Begin PBXSourcesBuildPhase section */
		3724C9231F710EB10092C09A /* Sources */ = {
			isa = PBXSourcesBuildPhase;
			buildActionMask = 2147483647;
			files = (
				3724C92D1F710EB10092C09A /* ViewController.swift in Sources */,
				3724C92B1F710EB10092C09A /* AppDelegate.swift in Sources */,
			);
			runOnlyForDeploymentPostprocessing = 0;
		};
/* End PBXSourcesBuildPhase section */

/* Begin PBXVariantGroup section */
		3724C92E1F710EB10092C09A /* Main.storyboard */ = {
			isa = PBXVariantGroup;
			children = (
				3724C92F1F710EB10092C09A /* Base */,
			);
			name = Main.storyboard;
			sourceTree = "<group>";
		};
		3724C9331F710EB10092C09A /* LaunchScreen.storyboard */ = {
			isa = PBXVariantGroup;
			children = (
				3724C9341F710EB10092C09A /* Base */,
			);
			name = LaunchScreen.storyboard;
			sourceTree = "<group>";
		};
/* End PBXVariantGroup section */

/* Begin XCBuildConfiguration section */
		3724C9371F710EB10092C09A /* Debug */ = {
			isa = XCBuildConfiguration;
			buildSettings = {
				ALWAYS_SEARCH_USER_PATHS = NO;
				CLANG_ANALYZER_NONNULL = YES;
				CLANG_ANALYZER_NUMBER_OBJECT_CONVERSION = YES_AGGRESSIVE;
				CLANG_CXX_LANGUAGE_STANDARD = "gnu++0x";
				CLANG_CXX_LIBRARY = "libc++";
				CLANG_ENABLE_MODULES = YES;
				CLANG_ENABLE_OBJC_ARC = YES;
				CLANG_WARN_BOOL_CONVERSION = YES;
				CLANG_WARN_CONSTANT_CONVERSION = YES;
				CLANG_WARN_DIRECT_OBJC_ISA_USAGE = YES_ERROR;
				CLANG_WARN_DOCUMENTATION_COMMENTS = YES;
				CLANG_WARN_EMPTY_BODY = YES;
				CLANG_WARN_ENUM_CONVERSION = YES;
				CLANG_WARN_INFINITE_RECURSION = YES;
				CLANG_WARN_INT_CONVERSION = YES;
				CLANG_WARN_OBJC_ROOT_CLASS = YES_ERROR;
				CLANG_WARN_SUSPICIOUS_MOVE = YES;
				CLANG_WARN_UNREACHABLE_CODE = YES;
				CLANG_WARN__DUPLICATE_METHOD_MATCH = YES;
				"CODE_SIGN_IDENTITY[sdk=iphoneos*]" = "iPhone Developer";
				COPY_PHASE_STRIP = NO;
				DEBUG_INFORMATION_FORMAT = dwarf;
				ENABLE_STRICT_OBJC_MSGSEND = YES;
				ENABLE_TESTABILITY = YES;
				GCC_C_LANGUAGE_STANDARD = gnu99;
				GCC_DYNAMIC_NO_PIC = NO;
				GCC_NO_COMMON_BLOCKS = YES;
				GCC_OPTIMIZATION_LEVEL = 0;
				GCC_PREPROCESSOR_DEFINITIONS = (
					"DEBUG=1",
					"$(inherited)",
				);
				GCC_WARN_64_TO_32_BIT_CONVERSION = YES;
				GCC_WARN_ABOUT_RETURN_TYPE = YES_ERROR;
				GCC_WARN_UNDECLARED_SELECTOR = YES;
				GCC_WARN_UNINITIALIZED_AUTOS = YES_AGGRESSIVE;
				GCC_WARN_UNUSED_FUNCTION = YES;
				GCC_WARN_UNUSED_VARIABLE = YES;
				IPHONEOS_DEPLOYMENT_TARGET = 10.3;
				MTL_ENABLE_DEBUG_INFO = YES;
				ONLY_ACTIVE_ARCH = YES;
				SDKROOT = iphoneos;
				SWIFT_ACTIVE_COMPILATION_CONDITIONS = DEBUG;
				SWIFT_OPTIMIZATION_LEVEL = "-Onone";
				TARGETED_DEVICE_FAMILY = "1,2";
			};
			name = Debug;
		};
		3724C9381F710EB10092C09A /* Release */ = {
			isa = XCBuildConfiguration;
			buildSettings = {
				ALWAYS_SEARCH_USER_PATHS = NO;
				CLANG_ANALYZER_NONNULL = YES;
				CLANG_ANALYZER_NUMBER_OBJECT_CONVERSION = YES_AGGRESSIVE;
				CLANG_CXX_LANGUAGE_STANDARD = "gnu++0x";
				CLANG_CXX_LIBRARY = "libc++";
				CLANG_ENABLE_MODULES = YES;
				CLANG_ENABLE_OBJC_ARC = YES;
				CLANG_WARN_BOOL_CONVERSION = YES;
				CLANG_WARN_CONSTANT_CONVERSION = YES;
				CLANG_WARN_DIRECT_OBJC_ISA_USAGE = YES_ERROR;
				CLANG_WARN_DOCUMENTATION_COMMENTS = YES;
				CLANG_WARN_EMPTY_BODY = YES;
				CLANG_WARN_ENUM_CONVERSION = YES;
				CLANG_WARN_INFINITE_RECURSION = YES;
				CLANG_WARN_INT_CONVERSION = YES;
				CLANG_WARN_OBJC_ROOT_CLASS = YES_ERROR;
				CLANG_WARN_SUSPICIOUS_MOVE = YES;
				CLANG_WARN_UNREACHABLE_CODE = YES;
				CLANG_WARN__DUPLICATE_METHOD_MATCH = YES;
				"CODE_SIGN_IDENTITY[sdk=iphoneos*]" = "iPhone Developer";
				COPY_PHASE_STRIP = NO;
				DEBUG_INFORMATION_FORMAT = "dwarf-with-dsym";
				ENABLE_NS_ASSERTIONS = NO;
				ENABLE_STRICT_OBJC_MSGSEND = YES;
				GCC_C_LANGUAGE_STANDARD = gnu99;
				GCC_NO_COMMON_BLOCKS = YES;
				GCC_WARN_64_TO_32_BIT_CONVERSION = YES;
				GCC_WARN_ABOUT_RETURN_TYPE = YES_ERROR;
				GCC_WARN_UNDECLARED_SELECTOR = YES;
				GCC_WARN_UNINITIALIZED_AUTOS = YES_AGGRESSIVE;
				GCC_WARN_UNUSED_FUNCTION = YES;
				GCC_WARN_UNUSED_VARIABLE = YES;
				IPHONEOS_DEPLOYMENT_TARGET = 10.3;
				MTL_ENABLE_DEBUG_INFO = NO;
				SDKROOT = iphoneos;
				SWIFT_OPTIMIZATION_LEVEL = "-Owholemodule";
				TARGETED_DEVICE_FAMILY = "1,2";
				VALIDATE_PRODUCT = YES;
			};
			name = Release;
		};
		3724C93A1F710EB10092C09A /* Debug */ = {
			isa = XCBuildConfiguration;
			buildSettings = {
				ASSETCATALOG_COMPILER_APPICON_NAME = AppIcon;
				DEVELOPMENT_TEAM = Q94R7AC65K;
				INFOPLIST_FILE = FirstRepo/Info.plist;
				LD_RUNPATH_SEARCH_PATHS = "$(inherited) @executable_path/Frameworks";
				PRODUCT_BUNDLE_IDENTIFIER = com.GrizzlyApps.FirstRepo;
				PRODUCT_NAME = "$(TARGET_NAME)";
				SWIFT_VERSION = 3.0;
			};
			name = Debug;
		};
		3724C93B1F710EB10092C09A /* Release */ = {
			isa = XCBuildConfiguration;
			buildSettings = {
				ASSETCATALOG_COMPILER_APPICON_NAME = AppIcon;
				DEVELOPMENT_TEAM = Q94R7AC65K;
				INFOPLIST_FILE = FirstRepo/Info.plist;
				LD_RUNPATH_SEARCH_PATHS = "$(inherited) @executable_path/Frameworks";
				PRODUCT_BUNDLE_IDENTIFIER = com.GrizzlyApps.FirstRepo;
				PRODUCT_NAME = "$(TARGET_NAME)";
				SWIFT_VERSION = 3.0;
			};
			name = Release;
		};
/* End XCBuildConfiguration section */

/* Begin XCConfigurationList section */
		3724C9221F710EB10092C09A /* Build configuration list for PBXProject "FirstRepo" */ = {
			isa = XCConfigurationList;
			buildConfigurations = (
				3724C9371F710EB10092C09A /* Debug */,
				3724C9381F710EB10092C09A /* Release */,
			);
			defaultConfigurationIsVisible = 0;
			defaultConfigurationName = Release;
		};
		3724C9391F710EB10092C09A /* Build configuration list for PBXNativeTarget "FirstRepo" */ = {
			isa = XCConfigurationList;
			buildConfigurations = (
				3724C93A1F710EB10092C09A /* Debug */,
				3724C93B1F710EB10092C09A /* Release */,
			);
			defaultConfigurationIsVisible = 0;
		};
/* End XCConfigurationList section */
	};
	rootObject = 3724C91F1F710EB10092C09A /* Project object */;
}
